
Microsoft Visual Studio Solution File, Format Version 12.00
# Visual Studio 2012
Project("{FAE04EC0-301F-11D3-BF4B-00C04F79EFBC}") = "le-secret-venue", "le-secret-venue\le-secret-venue.csproj", "{15BD07BA-E5F2-40C0-BE57-256EE2E1E7E7}"
EndProject
Project("{FAE04EC0-301F-11D3-BF4B-00C04F79EFBC}") = "le-secret-venue.Tests", "le-secret-venue.Tests\le-secret-venue.Tests.csproj", "{639C92CC-487F-4C27-AF75-3C660668CD6B}"
EndProject
Global
	GlobalSection(SolutionConfigurationPlatforms) = preSolution
		Debug|Any CPU = Debug|Any CPU
		Release|Any CPU = Release|Any CPU
	EndGlobalSection
	GlobalSection(ProjectConfigurationPlatforms) = postSolution
		{15BD07BA-E5F2-40C0-BE57-256EE2E1E7E7}.Debug|Any CPU.ActiveCfg = Debug|Any CPU
		{15BD07BA-E5F2-40C0-BE57-256EE2E1E7E7}.Debug|Any CPU.Build.0 = Debug|Any CPU
		{15BD07BA-E5F2-40C0-BE57-256EE2E1E7E7}.Release|Any CPU.ActiveCfg = Release|Any CPU
		{15BD07BA-E5F2-40C0-BE57-256EE2E1E7E7}.Release|Any CPU.Build.0 = Release|Any CPU
		{639C92CC-487F-4C27-AF75-3C660668CD6B}.Debug|Any CPU.ActiveCfg = Debug|Any CPU
		{639C92CC-487F-4C27-AF75-3C660668CD6B}.Debug|Any CPU.Build.0 = Debug|Any CPU
		{639C92CC-487F-4C27-AF75-3C660668CD6B}.Release|Any CPU.ActiveCfg = Release|Any CPU
		{639C92CC-487F-4C27-AF75-3C660668CD6B}.Release|Any CPU.Build.0 = Release|Any CPU
	EndGlobalSection
	GlobalSection(SolutionProperties) = preSolution
		HideSolutionNode = FALSE
	EndGlobalSection
EndGlobal
